// !$*UTF8*$!
{
	archiveVersion = 1;
	classes = {
	};
	objectVersion = 50;
	objects = {

/* Begin PBXBuildFile section */
		00E2EF7522531C1300F1BAE4 /* AppDelegate.swift in Sources */ = {isa = PBXBuildFile; fileRef = 00E2EF7422531C1300F1BAE4 /* AppDelegate.swift */; };
		00E2EF7722531C1300F1BAE4 /* LoginViewController.swift in Sources */ = {isa = PBXBuildFile; fileRef = 00E2EF7622531C1300F1BAE4 /* LoginViewController.swift */; };
		00E2EF7A22531C1300F1BAE4 /* Main.storyboard in Resources */ = {isa = PBXBuildFile; fileRef = 00E2EF7822531C1300F1BAE4 /* Main.storyboard */; };
		00E2EF7C22531C1500F1BAE4 /* Assets.xcassets in Resources */ = {isa = PBXBuildFile; fileRef = 00E2EF7B22531C1500F1BAE4 /* Assets.xcassets */; };
		00E2EF7F22531C1500F1BAE4 /* LaunchScreen.storyboard in Resources */ = {isa = PBXBuildFile; fileRef = 00E2EF7D22531C1500F1BAE4 /* LaunchScreen.storyboard */; };
		00E2EF8A22531C1500F1BAE4 /* Kitchen_garden_v0_3Tests.swift in Sources */ = {isa = PBXBuildFile; fileRef = 00E2EF8922531C1500F1BAE4 /* Kitchen_garden_v0_3Tests.swift */; };
		00E2EF9822531F6200F1BAE4 /* UserInfo.swift in Sources */ = {isa = PBXBuildFile; fileRef = 00E2EF9722531F6200F1BAE4 /* UserInfo.swift */; };
		00E2EF9C2253471500F1BAE4 /* PerferenceViewController.swift in Sources */ = {isa = PBXBuildFile; fileRef = 00E2EF9B2253471500F1BAE4 /* PerferenceViewController.swift */; };
		00E2EF9E225383E700F1BAE4 /* HomeTableViewController.swift in Sources */ = {isa = PBXBuildFile; fileRef = 00E2EF9D225383E700F1BAE4 /* HomeTableViewController.swift */; };
		00E2EFA0225383FF00F1BAE4 /* SearchTableViewController.swift in Sources */ = {isa = PBXBuildFile; fileRef = 00E2EF9F225383FF00F1BAE4 /* SearchTableViewController.swift */; };
		00E2EFA22253841100F1BAE4 /* HomeTableViewCell.swift in Sources */ = {isa = PBXBuildFile; fileRef = 00E2EFA12253841100F1BAE4 /* HomeTableViewCell.swift */; };
		00E2EFA42253841A00F1BAE4 /* SearchTableViewCell.swift in Sources */ = {isa = PBXBuildFile; fileRef = 00E2EFA32253841A00F1BAE4 /* SearchTableViewCell.swift */; };
		00E2EFA62253856300F1BAE4 /* Plant.swift in Sources */ = {isa = PBXBuildFile; fileRef = 00E2EFA52253856300F1BAE4 /* Plant.swift */; };
		00E2F02E2254F6B000F1BAE4 /* DetailViewController.swift in Sources */ = {isa = PBXBuildFile; fileRef = 00E2F02D2254F6B000F1BAE4 /* DetailViewController.swift */; };
		00E2F0302255A00B00F1BAE4 /* DetailCollectionViewCell.swift in Sources */ = {isa = PBXBuildFile; fileRef = 00E2F02F2255A00B00F1BAE4 /* DetailCollectionViewCell.swift */; };
/* End PBXBuildFile section */

/* Begin PBXContainerItemProxy section */
		00E2EF8622531C1500F1BAE4 /* PBXContainerItemProxy */ = {
			isa = PBXContainerItemProxy;
			containerPortal = 00E2EF6922531C1300F1BAE4 /* Project object */;
			proxyType = 1;
			remoteGlobalIDString = 00E2EF7022531C1300F1BAE4;
			remoteInfo = Kitchen_garden_v0.3;
		};
/* End PBXContainerItemProxy section */

/* Begin PBXFileReference section */
		00E2EF7122531C1300F1BAE4 /* Kitchen_garden_v0.3.app */ = {isa = PBXFileReference; explicitFileType = wrapper.application; includeInIndex = 0; path = Kitchen_garden_v0.3.app; sourceTree = BUILT_PRODUCTS_DIR; };
		00E2EF7422531C1300F1BAE4 /* AppDelegate.swift */ = {isa = PBXFileReference; lastKnownFileType = sourcecode.swift; path = AppDelegate.swift; sourceTree = "<group>"; };
		00E2EF7622531C1300F1BAE4 /* LoginViewController.swift */ = {isa = PBXFileReference; lastKnownFileType = sourcecode.swift; path = LoginViewController.swift; sourceTree = "<group>"; };
		00E2EF7922531C1300F1BAE4 /* Base */ = {isa = PBXFileReference; lastKnownFileType = file.storyboard; name = Base; path = Base.lproj/Main.storyboard; sourceTree = "<group>"; };
		00E2EF7B22531C1500F1BAE4 /* Assets.xcassets */ = {isa = PBXFileReference; lastKnownFileType = folder.assetcatalog; path = Assets.xcassets; sourceTree = "<group>"; };
		00E2EF7E22531C1500F1BAE4 /* Base */ = {isa = PBXFileReference; lastKnownFileType = file.storyboard; name = Base; path = Base.lproj/LaunchScreen.storyboard; sourceTree = "<group>"; };
		00E2EF8022531C1500F1BAE4 /* Info.plist */ = {isa = PBXFileReference; lastKnownFileType = text.plist.xml; path = Info.plist; sourceTree = "<group>"; };
		00E2EF8522531C1500F1BAE4 /* Kitchen_garden_v0.3Tests.xctest */ = {isa = PBXFileReference; explicitFileType = wrapper.cfbundle; includeInIndex = 0; path = Kitchen_garden_v0.3Tests.xctest; sourceTree = BUILT_PRODUCTS_DIR; };
		00E2EF8922531C1500F1BAE4 /* Kitchen_garden_v0_3Tests.swift */ = {isa = PBXFileReference; lastKnownFileType = sourcecode.swift; path = Kitchen_garden_v0_3Tests.swift; sourceTree = "<group>"; };
		00E2EF8B22531C1500F1BAE4 /* Info.plist */ = {isa = PBXFileReference; lastKnownFileType = text.plist.xml; path = Info.plist; sourceTree = "<group>"; };
		00E2EF9722531F6200F1BAE4 /* UserInfo.swift */ = {isa = PBXFileReference; lastKnownFileType = sourcecode.swift; path = UserInfo.swift; sourceTree = "<group>"; };
		00E2EF9B2253471500F1BAE4 /* PerferenceViewController.swift */ = {isa = PBXFileReference; lastKnownFileType = sourcecode.swift; path = PerferenceViewController.swift; sourceTree = "<group>"; };
		00E2EF9D225383E700F1BAE4 /* HomeTableViewController.swift */ = {isa = PBXFileReference; lastKnownFileType = sourcecode.swift; path = HomeTableViewController.swift; sourceTree = "<group>"; };
		00E2EF9F225383FF00F1BAE4 /* SearchTableViewController.swift */ = {isa = PBXFileReference; lastKnownFileType = sourcecode.swift; path = SearchTableViewController.swift; sourceTree = "<group>"; };
		00E2EFA12253841100F1BAE4 /* HomeTableViewCell.swift */ = {isa = PBXFileReference; lastKnownFileType = sourcecode.swift; path = HomeTableViewCell.swift; sourceTree = "<group>"; };
		00E2EFA32253841A00F1BAE4 /* SearchTableViewCell.swift */ = {isa = PBXFileReference; lastKnownFileType = sourcecode.swift; path = SearchTableViewCell.swift; sourceTree = "<group>"; };
		00E2EFA52253856300F1BAE4 /* Plant.swift */ = {isa = PBXFileReference; lastKnownFileType = sourcecode.swift; path = Plant.swift; sourceTree = "<group>"; };
		00E2F02D2254F6B000F1BAE4 /* DetailViewController.swift */ = {isa = PBXFileReference; lastKnownFileType = sourcecode.swift; path = DetailViewController.swift; sourceTree = "<group>"; };
		00E2F02F2255A00B00F1BAE4 /* DetailCollectionViewCell.swift */ = {isa = PBXFileReference; lastKnownFileType = sourcecode.swift; path = DetailCollectionViewCell.swift; sourceTree = "<group>"; };
/* End PBXFileReference section */

/* Begin PBXFrameworksBuildPhase section */
		00E2EF6E22531C1300F1BAE4 /* Frameworks */ = {
			isa = PBXFrameworksBuildPhase;
			buildActionMask = 2147483647;
			files = (
			);
			runOnlyForDeploymentPostprocessing = 0;
		};
		00E2EF8222531C1500F1BAE4 /* Frameworks */ = {
			isa = PBXFrameworksBuildPhase;
			buildActionMask = 2147483647;
			files = (
			);
			runOnlyForDeploymentPostprocessing = 0;
		};
/* End PBXFrameworksBuildPhase section */

/* Begin PBXGroup section */
		00E2EF6822531C1300F1BAE4 = {
			isa = PBXGroup;
			children = (
				00E2EF7322531C1300F1BAE4 /* Kitchen_garden_v0.3 */,
				00E2EF8822531C1500F1BAE4 /* Kitchen_garden_v0.3Tests */,
				00E2EF7222531C1300F1BAE4 /* Products */,
			);
			sourceTree = "<group>";
		};
		00E2EF7222531C1300F1BAE4 /* Products */ = {
			isa = PBXGroup;
			children = (
				00E2EF7122531C1300F1BAE4 /* Kitchen_garden_v0.3.app */,
				00E2EF8522531C1500F1BAE4 /* Kitchen_garden_v0.3Tests.xctest */,
			);
			name = Products;
			sourceTree = "<group>";
		};
		00E2EF7322531C1300F1BAE4 /* Kitchen_garden_v0.3 */ = {
			isa = PBXGroup;
			children = (
				00E2EF9622531D5A00F1BAE4 /* Model */,
				00E2EF9422531D3200F1BAE4 /* Control */,
				00E2EF9522531D4200F1BAE4 /* View */,
				00E2EF7B22531C1500F1BAE4 /* Assets.xcassets */,
				00E2EF7422531C1300F1BAE4 /* AppDelegate.swift */,
				00E2EF7D22531C1500F1BAE4 /* LaunchScreen.storyboard */,
				00E2EF8022531C1500F1BAE4 /* Info.plist */,
			);
			path = Kitchen_garden_v0.3;
			sourceTree = "<group>";
		};
		00E2EF8822531C1500F1BAE4 /* Kitchen_garden_v0.3Tests */ = {
			isa = PBXGroup;
			children = (
				00E2EF8922531C1500F1BAE4 /* Kitchen_garden_v0_3Tests.swift */,
				00E2EF8B22531C1500F1BAE4 /* Info.plist */,
			);
			path = Kitchen_garden_v0.3Tests;
			sourceTree = "<group>";
		};
		00E2EF9422531D3200F1BAE4 /* Control */ = {
			isa = PBXGroup;
			children = (
				00E2EF7622531C1300F1BAE4 /* LoginViewController.swift */,
				00E2EF9B2253471500F1BAE4 /* PerferenceViewController.swift */,
				00E2F02D2254F6B000F1BAE4 /* DetailViewController.swift */,
				00E2F02F2255A00B00F1BAE4 /* DetailCollectionViewCell.swift */,
				00E2EF9D225383E700F1BAE4 /* HomeTableViewController.swift */,
				00E2EFA12253841100F1BAE4 /* HomeTableViewCell.swift */,
				00E2EF9F225383FF00F1BAE4 /* SearchTableViewController.swift */,
				00E2EFA32253841A00F1BAE4 /* SearchTableViewCell.swift */,
			);
			path = Control;
			sourceTree = "<group>";
		};
		00E2EF9522531D4200F1BAE4 /* View */ = {
			isa = PBXGroup;
			children = (
				00E2EF7822531C1300F1BAE4 /* Main.storyboard */,
			);
			path = View;
			sourceTree = "<group>";
		};
		00E2EF9622531D5A00F1BAE4 /* Model */ = {
			isa = PBXGroup;
			children = (
				00E2EF9722531F6200F1BAE4 /* UserInfo.swift */,
				00E2EFA52253856300F1BAE4 /* Plant.swift */,
			);
			path = Model;
			sourceTree = "<group>";
		};
/* End PBXGroup section */

/* Begin PBXNativeTarget section */
		00E2EF7022531C1300F1BAE4 /* Kitchen_garden_v0.3 */ = {
			isa = PBXNativeTarget;
			buildConfigurationList = 00E2EF8E22531C1500F1BAE4 /* Build configuration list for PBXNativeTarget "Kitchen_garden_v0.3" */;
			buildPhases = (
				00E2EF6D22531C1300F1BAE4 /* Sources */,
				00E2EF6E22531C1300F1BAE4 /* Frameworks */,
				00E2EF6F22531C1300F1BAE4 /* Resources */,
			);
			buildRules = (
			);
			dependencies = (
			);
			name = Kitchen_garden_v0.3;
			productName = Kitchen_garden_v0.3;
			productReference = 00E2EF7122531C1300F1BAE4 /* Kitchen_garden_v0.3.app */;
			productType = "com.apple.product-type.application";
		};
		00E2EF8422531C1500F1BAE4 /* Kitchen_garden_v0.3Tests */ = {
			isa = PBXNativeTarget;
			buildConfigurationList = 00E2EF9122531C1500F1BAE4 /* Build configuration list for PBXNativeTarget "Kitchen_garden_v0.3Tests" */;
			buildPhases = (
				00E2EF8122531C1500F1BAE4 /* Sources */,
				00E2EF8222531C1500F1BAE4 /* Frameworks */,
				00E2EF8322531C1500F1BAE4 /* Resources */,
			);
			buildRules = (
			);
			dependencies = (
				00E2EF8722531C1500F1BAE4 /* PBXTargetDependency */,
			);
			name = Kitchen_garden_v0.3Tests;
			productName = Kitchen_garden_v0.3Tests;
			productReference = 00E2EF8522531C1500F1BAE4 /* Kitchen_garden_v0.3Tests.xctest */;
			productType = "com.apple.product-type.bundle.unit-test";
		};
/* End PBXNativeTarget section */

/* Begin PBXProject section */
		00E2EF6922531C1300F1BAE4 /* Project object */ = {
			isa = PBXProject;
			attributes = {
				LastSwiftUpdateCheck = 1020;
				LastUpgradeCheck = 1020;
				ORGANIZATIONNAME = "Peigeng Jiang";
				TargetAttributes = {
					00E2EF7022531C1300F1BAE4 = {
						CreatedOnToolsVersion = 10.2;
					};
					00E2EF8422531C1500F1BAE4 = {
						CreatedOnToolsVersion = 10.2;
						TestTargetID = 00E2EF7022531C1300F1BAE4;
					};
				};
			};
			buildConfigurationList = 00E2EF6C22531C1300F1BAE4 /* Build configuration list for PBXProject "Kitchen_garden_v0.3" */;
			compatibilityVersion = "Xcode 9.3";
			developmentRegion = en;
			hasScannedForEncodings = 0;
			knownRegions = (
				en,
				Base,
			);
			mainGroup = 00E2EF6822531C1300F1BAE4;
			productRefGroup = 00E2EF7222531C1300F1BAE4 /* Products */;
			projectDirPath = "";
			projectRoot = "";
			targets = (
				00E2EF7022531C1300F1BAE4 /* Kitchen_garden_v0.3 */,
				00E2EF8422531C1500F1BAE4 /* Kitchen_garden_v0.3Tests */,
			);
		};
/* End PBXProject section */

/* Begin PBXResourcesBuildPhase section */
		00E2EF6F22531C1300F1BAE4 /* Resources */ = {
			isa = PBXResourcesBuildPhase;
			buildActionMask = 2147483647;
			files = (
				00E2EF7F22531C1500F1BAE4 /* LaunchScreen.storyboard in Resources */,
				00E2EF7C22531C1500F1BAE4 /* Assets.xcassets in Resources */,
				00E2EF7A22531C1300F1BAE4 /* Main.storyboard in Resources */,
			);
			runOnlyForDeploymentPostprocessing = 0;
		};
		00E2EF8322531C1500F1BAE4 /* Resources */ = {
			isa = PBXResourcesBuildPhase;
			buildActionMask = 2147483647;
			files = (
			);
			runOnlyForDeploymentPostprocessing = 0;
		};
/* End PBXResourcesBuildPhase section */

/* Begin PBXSourcesBuildPhase section */
		00E2EF6D22531C1300F1BAE4 /* Sources */ = {
			isa = PBXSourcesBuildPhase;
			buildActionMask = 2147483647;
			files = (
				00E2F0302255A00B00F1BAE4 /* DetailCollectionViewCell.swift in Sources */,
				00E2EF7722531C1300F1BAE4 /* LoginViewController.swift in Sources */,
				00E2EFA62253856300F1BAE4 /* Plant.swift in Sources */,
				00E2EFA0225383FF00F1BAE4 /* SearchTableViewController.swift in Sources */,
				00E2EFA22253841100F1BAE4 /* HomeTableViewCell.swift in Sources */,
				00E2EF9822531F6200F1BAE4 /* UserInfo.swift in Sources */,
				00E2EF7522531C1300F1BAE4 /* AppDelegate.swift in Sources */,
				00E2EFA42253841A00F1BAE4 /* SearchTableViewCell.swift in Sources */,
				00E2F02E2254F6B000F1BAE4 /* DetailViewController.swift in Sources */,
				00E2EF9C2253471500F1BAE4 /* PerferenceViewController.swift in Sources */,
				00E2EF9E225383E700F1BAE4 /* HomeTableViewController.swift in Sources */,
			);
			runOnlyForDeploymentPostprocessing = 0;
		};
		00E2EF8122531C1500F1BAE4 /* Sources */ = {
			isa = PBXSourcesBuildPhase;
			buildActionMask = 2147483647;
			files = (
				00E2EF8A22531C1500F1BAE4 /* Kitchen_garden_v0_3Tests.swift in Sources */,
			);
			runOnlyForDeploymentPostprocessing = 0;
		};
/* End PBXSourcesBuildPhase section */

/* Begin PBXTargetDependency section */
		00E2EF8722531C1500F1BAE4 /* PBXTargetDependency */ = {
			isa = PBXTargetDependency;
			target = 00E2EF7022531C1300F1BAE4 /* Kitchen_garden_v0.3 */;
			targetProxy = 00E2EF8622531C1500F1BAE4 /* PBXContainerItemProxy */;
		};
/* End PBXTargetDependency section */

/* Begin PBXVariantGroup section */
		00E2EF7822531C1300F1BAE4 /* Main.storyboard */ = {
			isa = PBXVariantGroup;
			children = (
				00E2EF7922531C1300F1BAE4 /* Base */,
			);
			name = Main.storyboard;
			sourceTree = "<group>";
		};
		00E2EF7D22531C1500F1BAE4 /* LaunchScreen.storyboard */ = {
			isa = PBXVariantGroup;
			children = (
				00E2EF7E22531C1500F1BAE4 /* Base */,
			);
			name = LaunchScreen.storyboard;
			sourceTree = "<group>";
		};
/* End PBXVariantGroup section */

/* Begin XCBuildConfiguration section */
		00E2EF8C22531C1500F1BAE4 /* Debug */ = {
			isa = XCBuildConfiguration;
			buildSettings = {
				ALWAYS_SEARCH_USER_PATHS = NO;
				CLANG_ANALYZER_NONNULL = YES;
				CLANG_ANALYZER_NUMBER_OBJECT_CONVERSION = YES_AGGRESSIVE;
				CLANG_CXX_LANGUAGE_STANDARD = "gnu++14";
				CLANG_CXX_LIBRARY = "libc++";
				CLANG_ENABLE_MODULES = YES;
				CLANG_ENABLE_OBJC_ARC = YES;
				CLANG_ENABLE_OBJC_WEAK = YES;
				CLANG_WARN_BLOCK_CAPTURE_AUTORELEASING = YES;
				CLANG_WARN_BOOL_CONVERSION = YES;
				CLANG_WARN_COMMA = YES;
				CLANG_WARN_CONSTANT_CONVERSION = YES;
				CLANG_WARN_DEPRECATED_OBJC_IMPLEMENTATIONS = YES;
				CLANG_WARN_DIRECT_OBJC_ISA_USAGE = YES_ERROR;
				CLANG_WARN_DOCUMENTATION_COMMENTS = YES;
				CLANG_WARN_EMPTY_BODY = YES;
				CLANG_WARN_ENUM_CONVERSION = YES;
				CLANG_WARN_INFINITE_RECURSION = YES;
				CLANG_WARN_INT_CONVERSION = YES;
				CLANG_WARN_NON_LITERAL_NULL_CONVERSION = YES;
				CLANG_WARN_OBJC_IMPLICIT_RETAIN_SELF = YES;
				CLANG_WARN_OBJC_LITERAL_CONVERSION = YES;
				CLANG_WARN_OBJC_ROOT_CLASS = YES_ERROR;
				CLANG_WARN_RANGE_LOOP_ANALYSIS = YES;
				CLANG_WARN_STRICT_PROTOTYPES = YES;
				CLANG_WARN_SUSPICIOUS_MOVE = YES;
				CLANG_WARN_UNGUARDED_AVAILABILITY = YES_AGGRESSIVE;
				CLANG_WARN_UNREACHABLE_CODE = YES;
				CLANG_WARN__DUPLICATE_METHOD_MATCH = YES;
				CODE_SIGN_IDENTITY = "iPhone Developer";
				COPY_PHASE_STRIP = NO;
				DEBUG_INFORMATION_FORMAT = dwarf;
				ENABLE_STRICT_OBJC_MSGSEND = YES;
				ENABLE_TESTABILITY = YES;
				GCC_C_LANGUAGE_STANDARD = gnu11;
				GCC_DYNAMIC_NO_PIC = NO;
				GCC_NO_COMMON_BLOCKS = YES;
				GCC_OPTIMIZATION_LEVEL = 0;
				GCC_PREPROCESSOR_DEFINITIONS = (
					"DEBUG=1",
					"$(inherited)",
				);
				GCC_WARN_64_TO_32_BIT_CONVERSION = YES;
				GCC_WARN_ABOUT_RETURN_TYPE = YES_ERROR;
				GCC_WARN_UNDECLARED_SELECTOR = YES;
				GCC_WARN_UNINITIALIZED_AUTOS = YES_AGGRESSIVE;
				GCC_WARN_UNUSED_FUNCTION = YES;
				GCC_WARN_UNUSED_VARIABLE = YES;
				IPHONEOS_DEPLOYMENT_TARGET = 12.2;
				MTL_ENABLE_DEBUG_INFO = INCLUDE_SOURCE;
				MTL_FAST_MATH = YES;
				ONLY_ACTIVE_ARCH = YES;
				SDKROOT = iphoneos;
				SWIFT_ACTIVE_COMPILATION_CONDITIONS = DEBUG;
				SWIFT_OPTIMIZATION_LEVEL = "-Onone";
			};
			name = Debug;
		};
		00E2EF8D22531C1500F1BAE4 /* Release */ = {
			isa = XCBuildConfiguration;
			buildSettings = {
				ALWAYS_SEARCH_USER_PATHS = NO;
				CLANG_ANALYZER_NONNULL = YES;
				CLANG_ANALYZER_NUMBER_OBJECT_CONVERSION = YES_AGGRESSIVE;
				CLANG_CXX_LANGUAGE_STANDARD = "gnu++14";
				CLANG_CXX_LIBRARY = "libc++";
				CLANG_ENABLE_MODULES = YES;
				CLANG_ENABLE_OBJC_ARC = YES;
				CLANG_ENABLE_OBJC_WEAK = YES;
				CLANG_WARN_BLOCK_CAPTURE_AUTORELEASING = YES;
				CLANG_WARN_BOOL_CONVERSION = YES;
				CLANG_WARN_COMMA = YES;
				CLANG_WARN_CONSTANT_CONVERSION = YES;
				CLANG_WARN_DEPRECATED_OBJC_IMPLEMENTATIONS = YES;
				CLANG_WARN_DIRECT_OBJC_ISA_USAGE = YES_ERROR;
				CLANG_WARN_DOCUMENTATION_COMMENTS = YES;
				CLANG_WARN_EMPTY_BODY = YES;
				CLANG_WARN_ENUM_CONVERSION = YES;
				CLANG_WARN_INFINITE_RECURSION = YES;
				CLANG_WARN_INT_CONVERSION = YES;
				CLANG_WARN_NON_LITERAL_NULL_CONVERSION = YES;
				CLANG_WARN_OBJC_IMPLICIT_RETAIN_SELF = YES;
				CLANG_WARN_OBJC_LITERAL_CONVERSION = YES;
				CLANG_WARN_OBJC_ROOT_CLASS = YES_ERROR;
				CLANG_WARN_RANGE_LOOP_ANALYSIS = YES;
				CLANG_WARN_STRICT_PROTOTYPES = YES;
				CLANG_WARN_SUSPICIOUS_MOVE = YES;
				CLANG_WARN_UNGUARDED_AVAILABILITY = YES_AGGRESSIVE;
				CLANG_WARN_UNREACHABLE_CODE = YES;
				CLANG_WARN__DUPLICATE_METHOD_MATCH = YES;
				CODE_SIGN_IDENTITY = "iPhone Developer";
				COPY_PHASE_STRIP = NO;
				DEBUG_INFORMATION_FORMAT = "dwarf-with-dsym";
				ENABLE_NS_ASSERTIONS = NO;
				ENABLE_STRICT_OBJC_MSGSEND = YES;
				GCC_C_LANGUAGE_STANDARD = gnu11;
				GCC_NO_COMMON_BLOCKS = YES;
				GCC_WARN_64_TO_32_BIT_CONVERSION = YES;
				GCC_WARN_ABOUT_RETURN_TYPE = YES_ERROR;
				GCC_WARN_UNDECLARED_SELECTOR = YES;
				GCC_WARN_UNINITIALIZED_AUTOS = YES_AGGRESSIVE;
				GCC_WARN_UNUSED_FUNCTION = YES;
				GCC_WARN_UNUSED_VARIABLE = YES;
				IPHONEOS_DEPLOYMENT_TARGET = 12.2;
				MTL_ENABLE_DEBUG_INFO = NO;
				MTL_FAST_MATH = YES;
				SDKROOT = iphoneos;
				SWIFT_COMPILATION_MODE = wholemodule;
				SWIFT_OPTIMIZATION_LEVEL = "-O";
				VALIDATE_PRODUCT = YES;
			};
			name = Release;
		};
		00E2EF8F22531C1500F1BAE4 /* Debug */ = {
			isa = XCBuildConfiguration;
			buildSettings = {
				ASSETCATALOG_COMPILER_APPICON_NAME = AppIcon;
				CODE_SIGN_STYLE = Automatic;
				DEVELOPMENT_TEAM = U7EEA2UDA9;
				INFOPLIST_FILE = Kitchen_garden_v0.3/Info.plist;
				LD_RUNPATH_SEARCH_PATHS = (
					"$(inherited)",
					"@executable_path/Frameworks",
				);
				PRODUCT_BUNDLE_IDENTIFIER = "com.andyjiang.Kitchen-garden-v0-3";
				PRODUCT_NAME = "$(TARGET_NAME)";
				SWIFT_VERSION = 5.0;
				TARGETED_DEVICE_FAMILY = "1,2";
			};
			name = Debug;
		};
		00E2EF9022531C1500F1BAE4 /* Release */ = {
			isa = XCBuildConfiguration;
			buildSettings = {
				ASSETCATALOG_COMPILER_APPICON_NAME = AppIcon;
				CODE_SIGN_STYLE = Automatic;
				DEVELOPMENT_TEAM = U7EEA2UDA9;
				INFOPLIST_FILE = Kitchen_garden_v0.3/Info.plist;
				LD_RUNPATH_SEARCH_PATHS = (
					"$(inherited)",
					"@executable_path/Frameworks",
				);
				PRODUCT_BUNDLE_IDENTIFIER = "com.andyjiang.Kitchen-garden-v0-3";
				PRODUCT_NAME = "$(TARGET_NAME)";
				SWIFT_VERSION = 5.0;
				TARGETED_DEVICE_FAMILY = "1,2";
			};
			name = Release;
		};
		00E2EF9222531C1500F1BAE4 /* Debug */ = {
			isa = XCBuildConfiguration;
			buildSettings = {
				ALWAYS_EMBED_SWIFT_STANDARD_LIBRARIES = YES;
				BUNDLE_LOADER = "$(TEST_HOST)";
				CODE_SIGN_STYLE = Automatic;
				DEVELOPMENT_TEAM = U7EEA2UDA9;
				INFOPLIST_FILE = Kitchen_garden_v0.3Tests/Info.plist;
				LD_RUNPATH_SEARCH_PATHS = (
					"$(inherited)",
					"@executable_path/Frameworks",
					"@loader_path/Frameworks",
				);
				PRODUCT_BUNDLE_IDENTIFIER = "com.andyjiang.Kitchen-garden-v0-3Tests";
				PRODUCT_NAME = "$(TARGET_NAME)";
				SWIFT_VERSION = 5.0;
				TARGETED_DEVICE_FAMILY = "1,2";
				TEST_HOST = "$(BUILT_PRODUCTS_DIR)/Kitchen_garden_v0.3.app/Kitchen_garden_v0.3";
			};
			name = Debug;
		};
		00E2EF9322531C1500F1BAE4 /* Release */ = {
			isa = XCBuildConfiguration;
			buildSettings = {
				ALWAYS_EMBED_SWIFT_STANDARD_LIBRARIES = YES;
				BUNDLE_LOADER = "$(TEST_HOST)";
				CODE_SIGN_STYLE = Automatic;
				DEVELOPMENT_TEAM = U7EEA2UDA9;
				INFOPLIST_FILE = Kitchen_garden_v0.3Tests/Info.plist;
				LD_RUNPATH_SEARCH_PATHS = (
					"$(inherited)",
					"@executable_path/Frameworks",
					"@loader_path/Frameworks",
				);
				PRODUCT_BUNDLE_IDENTIFIER = "com.andyjiang.Kitchen-garden-v0-3Tests";
				PRODUCT_NAME = "$(TARGET_NAME)";
				SWIFT_VERSION = 5.0;
				TARGETED_DEVICE_FAMILY = "1,2";
				TEST_HOST = "$(BUILT_PRODUCTS_DIR)/Kitchen_garden_v0.3.app/Kitchen_garden_v0.3";
			};
			name = Release;
		};
/* End XCBuildConfiguration section */

/* Begin XCConfigurationList section */
		00E2EF6C22531C1300F1BAE4 /* Build configuration list for PBXProject "Kitchen_garden_v0.3" */ = {
			isa = XCConfigurationList;
			buildConfigurations = (
				00E2EF8C22531C1500F1BAE4 /* Debug */,
				00E2EF8D22531C1500F1BAE4 /* Release */,
			);
			defaultConfigurationIsVisible = 0;
			defaultConfigurationName = Release;
		};
		00E2EF8E22531C1500F1BAE4 /* Build configuration list for PBXNativeTarget "Kitchen_garden_v0.3" */ = {
			isa = XCConfigurationList;
			buildConfigurations = (
				00E2EF8F22531C1500F1BAE4 /* Debug */,
				00E2EF9022531C1500F1BAE4 /* Release */,
			);
			defaultConfigurationIsVisible = 0;
			defaultConfigurationName = Release;
		};
		00E2EF9122531C1500F1BAE4 /* Build configuration list for PBXNativeTarget "Kitchen_garden_v0.3Tests" */ = {
			isa = XCConfigurationList;
			buildConfigurations = (
				00E2EF9222531C1500F1BAE4 /* Debug */,
				00E2EF9322531C1500F1BAE4 /* Release */,
			);
			defaultConfigurationIsVisible = 0;
			defaultConfigurationName = Release;
		};
/* End XCConfigurationList section */
	};
	rootObject = 00E2EF6922531C1300F1BAE4 /* Project object */;
}
